
Microsoft Visual Studio Solution File, Format Version 12.00
# Visual Studio 15
VisualStudioVersion = 15.0.28010.2026
MinimumVisualStudioVersion = 10.0.40219.1
Project("{FAE04EC0-301F-11D3-BF4B-00C04F79EFBC}") = "TetrisTemplate", "TetrisTemplate\TetrisTemplate.csproj", "{80527DF2-F9E3-4571-8A4B-DA4DC3A0A971}"
EndProject
Global
	GlobalSection(SolutionConfigurationPlatforms) = preSolution
		Debug|x86 = Debug|x86
		Release|x86 = Release|x86
	EndGlobalSection
	GlobalSection(ProjectConfigurationPlatforms) = postSolution
		{80527DF2-F9E3-4571-8A4B-DA4DC3A0A971}.Debug|x86.ActiveCfg = Debug|x86
		{80527DF2-F9E3-4571-8A4B-DA4DC3A0A971}.Debug|x86.Build.0 = Debug|x86
		{80527DF2-F9E3-4571-8A4B-DA4DC3A0A971}.Release|x86.ActiveCfg = Release|x86
		{80527DF2-F9E3-4571-8A4B-DA4DC3A0A971}.Release|x86.Build.0 = Release|x86
	EndGlobalSection
	GlobalSection(SolutionProperties) = preSolution
		HideSolutionNode = FALSE
	EndGlobalSection
	GlobalSection(ExtensibilityGlobals) = postSolution
		SolutionGuid = {4BECA693-B05F-4580-91F4-D3D160368E33}
	EndGlobalSection
EndGlobal
